// !$*UTF8*$!
{
	archiveVersion = 1;
	classes = {
	};
	objectVersion = 56;
	objects = {

/* Begin PBXBuildFile section */
		240B24442B8C7ECA0010B346 /* FirebaseAnalytics in Frameworks */ = {isa = PBXBuildFile; productRef = 240B24432B8C7ECA0010B346 /* FirebaseAnalytics */; };
		240B24462B8C7ECA0010B346 /* FirebaseAnalyticsOnDeviceConversion in Frameworks */ = {isa = PBXBuildFile; productRef = 240B24452B8C7ECA0010B346 /* FirebaseAnalyticsOnDeviceConversion */; };
		240B24482B8C7ECA0010B346 /* FirebaseAnalyticsSwift in Frameworks */ = {isa = PBXBuildFile; productRef = 240B24472B8C7ECA0010B346 /* FirebaseAnalyticsSwift */; };
		240B244A2B8C7ECA0010B346 /* FirebaseAnalyticsWithoutAdIdSupport in Frameworks */ = {isa = PBXBuildFile; productRef = 240B24492B8C7ECA0010B346 /* FirebaseAnalyticsWithoutAdIdSupport */; };
		240B244C2B8C7ECA0010B346 /* FirebaseAppCheck in Frameworks */ = {isa = PBXBuildFile; productRef = 240B244B2B8C7ECA0010B346 /* FirebaseAppCheck */; };
		2455680C2B8D6E2D0087B600 /* GoogleService-Info.plist in Resources */ = {isa = PBXBuildFile; fileRef = 2455680B2B8D6E2D0087B600 /* GoogleService-Info.plist */; };
		247351C52B8D6FC4000ECEFB /* ProfileView.swift in Sources */ = {isa = PBXBuildFile; fileRef = 247351C42B8D6FC4000ECEFB /* ProfileView.swift */; };
		247351C72B8D6FF4000ECEFB /* ToDoListItemsView.swift in Sources */ = {isa = PBXBuildFile; fileRef = 247351C62B8D6FF4000ECEFB /* ToDoListItemsView.swift */; };
		247351C92B8D7007000ECEFB /* NewItemView.swift in Sources */ = {isa = PBXBuildFile; fileRef = 247351C82B8D7007000ECEFB /* NewItemView.swift */; };
		247351CB2B8D7018000ECEFB /* LoginView.swift in Sources */ = {isa = PBXBuildFile; fileRef = 247351CA2B8D7018000ECEFB /* LoginView.swift */; };
		247351CD2B8D7020000ECEFB /* RegisterView.swift in Sources */ = {isa = PBXBuildFile; fileRef = 247351CC2B8D7020000ECEFB /* RegisterView.swift */; };
		247351CF2B8D706C000ECEFB /* ToDoListView.swift in Sources */ = {isa = PBXBuildFile; fileRef = 247351CE2B8D706C000ECEFB /* ToDoListView.swift */; };
		247351D12B8D733C000ECEFB /* User.swift in Sources */ = {isa = PBXBuildFile; fileRef = 247351D02B8D733C000ECEFB /* User.swift */; };
		247351D32B8D7346000ECEFB /* ToDoListItem.swift in Sources */ = {isa = PBXBuildFile; fileRef = 247351D22B8D7346000ECEFB /* ToDoListItem.swift */; };
		247351D52B8D7369000ECEFB /* MainViewViewModel.swift in Sources */ = {isa = PBXBuildFile; fileRef = 247351D42B8D7369000ECEFB /* MainViewViewModel.swift */; };
		247351D72B8D7377000ECEFB /* ProfileViewViewModel.swift in Sources */ = {isa = PBXBuildFile; fileRef = 247351D62B8D7377000ECEFB /* ProfileViewViewModel.swift */; };
		247351D92B8D7383000ECEFB /* ToDoListViewViewModel.swift in Sources */ = {isa = PBXBuildFile; fileRef = 247351D82B8D7383000ECEFB /* ToDoListViewViewModel.swift */; };
		247351DB2B8D7399000ECEFB /* NewItemViewViewModel.swift in Sources */ = {isa = PBXBuildFile; fileRef = 247351DA2B8D7399000ECEFB /* NewItemViewViewModel.swift */; };
		247351DD2B8D73A8000ECEFB /* RegisterViewViewModel.swift in Sources */ = {isa = PBXBuildFile; fileRef = 247351DC2B8D73A8000ECEFB /* RegisterViewViewModel.swift */; };
		247351DF2B8D73B2000ECEFB /* LoginViewViewModel.swift in Sources */ = {isa = PBXBuildFile; fileRef = 247351DE2B8D73B2000ECEFB /* LoginViewViewModel.swift */; };
		247351E12B8D73C0000ECEFB /* ToDoListItemViewViewModel.swift in Sources */ = {isa = PBXBuildFile; fileRef = 247351E02B8D73C0000ECEFB /* ToDoListItemViewViewModel.swift */; };
		247351E32B8DB7A2000ECEFB /* HeaderView.swift in Sources */ = {isa = PBXBuildFile; fileRef = 247351E22B8DB7A2000ECEFB /* HeaderView.swift */; };
		247351E52B8DB7AD000ECEFB /* HeaderViewViewModel.swift in Sources */ = {isa = PBXBuildFile; fileRef = 247351E42B8DB7AD000ECEFB /* HeaderViewViewModel.swift */; };
		24B6E2142B8F1B740074C470 /* TLButton.swift in Sources */ = {isa = PBXBuildFile; fileRef = 24B6E2132B8F1B740074C470 /* TLButton.swift */; };
		24D9CCDF2B8C7DB80019A005 /* TodoGoApp.swift in Sources */ = {isa = PBXBuildFile; fileRef = 24D9CCDE2B8C7DB80019A005 /* TodoGoApp.swift */; };
		24D9CCE12B8C7DB80019A005 /* MainView.swift in Sources */ = {isa = PBXBuildFile; fileRef = 24D9CCE02B8C7DB80019A005 /* MainView.swift */; };
		24D9CCE32B8C7DB80019A005 /* Assets.xcassets in Resources */ = {isa = PBXBuildFile; fileRef = 24D9CCE22B8C7DB80019A005 /* Assets.xcassets */; };
		24D9CCE62B8C7DB80019A005 /* Preview Assets.xcassets in Resources */ = {isa = PBXBuildFile; fileRef = 24D9CCE52B8C7DB80019A005 /* Preview Assets.xcassets */; };
/* End PBXBuildFile section */

/* Begin PBXFileReference section */
		2455680B2B8D6E2D0087B600 /* GoogleService-Info.plist */ = {isa = PBXFileReference; fileEncoding = 4; lastKnownFileType = text.plist.xml; path = "GoogleService-Info.plist"; sourceTree = "<group>"; };
		247351C42B8D6FC4000ECEFB /* ProfileView.swift */ = {isa = PBXFileReference; lastKnownFileType = sourcecode.swift; path = ProfileView.swift; sourceTree = "<group>"; };
		247351C62B8D6FF4000ECEFB /* ToDoListItemsView.swift */ = {isa = PBXFileReference; lastKnownFileType = sourcecode.swift; path = ToDoListItemsView.swift; sourceTree = "<group>"; };
		247351C82B8D7007000ECEFB /* NewItemView.swift */ = {isa = PBXFileReference; lastKnownFileType = sourcecode.swift; path = NewItemView.swift; sourceTree = "<group>"; };
		247351CA2B8D7018000ECEFB /* LoginView.swift */ = {isa = PBXFileReference; lastKnownFileType = sourcecode.swift; path = LoginView.swift; sourceTree = "<group>"; };
		247351CC2B8D7020000ECEFB /* RegisterView.swift */ = {isa = PBXFileReference; lastKnownFileType = sourcecode.swift; path = RegisterView.swift; sourceTree = "<group>"; };
		247351CE2B8D706C000ECEFB /* ToDoListView.swift */ = {isa = PBXFileReference; lastKnownFileType = sourcecode.swift; path = ToDoListView.swift; sourceTree = "<group>"; };
		247351D02B8D733C000ECEFB /* User.swift */ = {isa = PBXFileReference; lastKnownFileType = sourcecode.swift; path = User.swift; sourceTree = "<group>"; };
		247351D22B8D7346000ECEFB /* ToDoListItem.swift */ = {isa = PBXFileReference; lastKnownFileType = sourcecode.swift; path = ToDoListItem.swift; sourceTree = "<group>"; };
		247351D42B8D7369000ECEFB /* MainViewViewModel.swift */ = {isa = PBXFileReference; lastKnownFileType = sourcecode.swift; path = MainViewViewModel.swift; sourceTree = "<group>"; };
		247351D62B8D7377000ECEFB /* ProfileViewViewModel.swift */ = {isa = PBXFileReference; lastKnownFileType = sourcecode.swift; path = ProfileViewViewModel.swift; sourceTree = "<group>"; };
		247351D82B8D7383000ECEFB /* ToDoListViewViewModel.swift */ = {isa = PBXFileReference; lastKnownFileType = sourcecode.swift; path = ToDoListViewViewModel.swift; sourceTree = "<group>"; };
		247351DA2B8D7399000ECEFB /* NewItemViewViewModel.swift */ = {isa = PBXFileReference; lastKnownFileType = sourcecode.swift; path = NewItemViewViewModel.swift; sourceTree = "<group>"; };
		247351DC2B8D73A8000ECEFB /* RegisterViewViewModel.swift */ = {isa = PBXFileReference; lastKnownFileType = sourcecode.swift; path = RegisterViewViewModel.swift; sourceTree = "<group>"; };
		247351DE2B8D73B2000ECEFB /* LoginViewViewModel.swift */ = {isa = PBXFileReference; lastKnownFileType = sourcecode.swift; path = LoginViewViewModel.swift; sourceTree = "<group>"; };
		247351E02B8D73C0000ECEFB /* ToDoListItemViewViewModel.swift */ = {isa = PBXFileReference; lastKnownFileType = sourcecode.swift; path = ToDoListItemViewViewModel.swift; sourceTree = "<group>"; };
		247351E22B8DB7A2000ECEFB /* HeaderView.swift */ = {isa = PBXFileReference; lastKnownFileType = sourcecode.swift; path = HeaderView.swift; sourceTree = "<group>"; };
		247351E42B8DB7AD000ECEFB /* HeaderViewViewModel.swift */ = {isa = PBXFileReference; lastKnownFileType = sourcecode.swift; path = HeaderViewViewModel.swift; sourceTree = "<group>"; };
		24B6E2132B8F1B740074C470 /* TLButton.swift */ = {isa = PBXFileReference; lastKnownFileType = sourcecode.swift; path = TLButton.swift; sourceTree = "<group>"; };
		24D9CCDB2B8C7DB80019A005 /* TodoGo.app */ = {isa = PBXFileReference; explicitFileType = wrapper.application; includeInIndex = 0; path = TodoGo.app; sourceTree = BUILT_PRODUCTS_DIR; };
		24D9CCDE2B8C7DB80019A005 /* TodoGoApp.swift */ = {isa = PBXFileReference; lastKnownFileType = sourcecode.swift; path = TodoGoApp.swift; sourceTree = "<group>"; };
		24D9CCE02B8C7DB80019A005 /* MainView.swift */ = {isa = PBXFileReference; lastKnownFileType = sourcecode.swift; path = MainView.swift; sourceTree = "<group>"; };
		24D9CCE22B8C7DB80019A005 /* Assets.xcassets */ = {isa = PBXFileReference; lastKnownFileType = folder.assetcatalog; path = Assets.xcassets; sourceTree = "<group>"; };
		24D9CCE52B8C7DB80019A005 /* Preview Assets.xcassets */ = {isa = PBXFileReference; lastKnownFileType = folder.assetcatalog; path = "Preview Assets.xcassets"; sourceTree = "<group>"; };
/* End PBXFileReference section */

/* Begin PBXFrameworksBuildPhase section */
		24D9CCD82B8C7DB80019A005 /* Frameworks */ = {
			isa = PBXFrameworksBuildPhase;
			buildActionMask = 2147483647;
			files = (
				240B24482B8C7ECA0010B346 /* FirebaseAnalyticsSwift in Frameworks */,
				240B24442B8C7ECA0010B346 /* FirebaseAnalytics in Frameworks */,
				240B24462B8C7ECA0010B346 /* FirebaseAnalyticsOnDeviceConversion in Frameworks */,
				240B244C2B8C7ECA0010B346 /* FirebaseAppCheck in Frameworks */,
				240B244A2B8C7ECA0010B346 /* FirebaseAnalyticsWithoutAdIdSupport in Frameworks */,
			);
			runOnlyForDeploymentPostprocessing = 0;
		};
/* End PBXFrameworksBuildPhase section */

/* Begin PBXGroup section */
		247351C02B8D6E9B000ECEFB /* Views */ = {
			isa = PBXGroup;
			children = (
				24D9CCE02B8C7DB80019A005 /* MainView.swift */,
				247351E22B8DB7A2000ECEFB /* HeaderView.swift */,
				247351CE2B8D706C000ECEFB /* ToDoListView.swift */,
				247351C42B8D6FC4000ECEFB /* ProfileView.swift */,
				24B6E2132B8F1B740074C470 /* TLButton.swift */,
				247351C62B8D6FF4000ECEFB /* ToDoListItemsView.swift */,
				247351CC2B8D7020000ECEFB /* RegisterView.swift */,
				247351C82B8D7007000ECEFB /* NewItemView.swift */,
				247351CA2B8D7018000ECEFB /* LoginView.swift */,
			);
			path = Views;
			sourceTree = "<group>";
		};
		247351C12B8D6EA8000ECEFB /* viewModels */ = {
			isa = PBXGroup;
			children = (
				247351D42B8D7369000ECEFB /* MainViewViewModel.swift */,
				247351D82B8D7383000ECEFB /* ToDoListViewViewModel.swift */,
				247351DE2B8D73B2000ECEFB /* LoginViewViewModel.swift */,
				247351DC2B8D73A8000ECEFB /* RegisterViewViewModel.swift */,
				247351E02B8D73C0000ECEFB /* ToDoListItemViewViewModel.swift */,
				247351DA2B8D7399000ECEFB /* NewItemViewViewModel.swift */,
				247351E42B8DB7AD000ECEFB /* HeaderViewViewModel.swift */,
				247351D62B8D7377000ECEFB /* ProfileViewViewModel.swift */,
			);
			path = viewModels;
			sourceTree = "<group>";
		};
		247351C22B8D6EBE000ECEFB /* Models */ = {
			isa = PBXGroup;
			children = (
				247351D02B8D733C000ECEFB /* User.swift */,
				247351D22B8D7346000ECEFB /* ToDoListItem.swift */,
			);
			path = Models;
			sourceTree = "<group>";
		};
		247351C32B8D6EE3000ECEFB /* Others */ = {
			isa = PBXGroup;
			children = (
				2455680B2B8D6E2D0087B600 /* GoogleService-Info.plist */,
				24D9CCDE2B8C7DB80019A005 /* TodoGoApp.swift */,
			);
			path = Others;
			sourceTree = "<group>";
		};
		24D9CCD22B8C7DB80019A005 = {
			isa = PBXGroup;
			children = (
				24D9CCDD2B8C7DB80019A005 /* TodoGo */,
				24D9CCDC2B8C7DB80019A005 /* Products */,
			);
			sourceTree = "<group>";
		};
		24D9CCDC2B8C7DB80019A005 /* Products */ = {
			isa = PBXGroup;
			children = (
				24D9CCDB2B8C7DB80019A005 /* TodoGo.app */,
			);
			name = Products;
			sourceTree = "<group>";
		};
		24D9CCDD2B8C7DB80019A005 /* TodoGo */ = {
			isa = PBXGroup;
			children = (
				247351C32B8D6EE3000ECEFB /* Others */,
				247351C22B8D6EBE000ECEFB /* Models */,
				247351C12B8D6EA8000ECEFB /* viewModels */,
				247351C02B8D6E9B000ECEFB /* Views */,
				24D9CCE22B8C7DB80019A005 /* Assets.xcassets */,
				24D9CCE42B8C7DB80019A005 /* Preview Content */,
			);
			path = TodoGo;
			sourceTree = "<group>";
		};
		24D9CCE42B8C7DB80019A005 /* Preview Content */ = {
			isa = PBXGroup;
			children = (
				24D9CCE52B8C7DB80019A005 /* Preview Assets.xcassets */,
			);
			path = "Preview Content";
			sourceTree = "<group>";
		};
/* End PBXGroup section */

/* Begin PBXNativeTarget section */
		24D9CCDA2B8C7DB80019A005 /* TodoGo */ = {
			isa = PBXNativeTarget;
			buildConfigurationList = 24D9CCE92B8C7DB80019A005 /* Build configuration list for PBXNativeTarget "TodoGo" */;
			buildPhases = (
				24D9CCD72B8C7DB80019A005 /* Sources */,
				24D9CCD82B8C7DB80019A005 /* Frameworks */,
				24D9CCD92B8C7DB80019A005 /* Resources */,
			);
			buildRules = (
			);
			dependencies = (
			);
			name = TodoGo;
			packageProductDependencies = (
				240B24432B8C7ECA0010B346 /* FirebaseAnalytics */,
				240B24452B8C7ECA0010B346 /* FirebaseAnalyticsOnDeviceConversion */,
				240B24472B8C7ECA0010B346 /* FirebaseAnalyticsSwift */,
				240B24492B8C7ECA0010B346 /* FirebaseAnalyticsWithoutAdIdSupport */,
				240B244B2B8C7ECA0010B346 /* FirebaseAppCheck */,
			);
			productName = TodoGo;
			productReference = 24D9CCDB2B8C7DB80019A005 /* TodoGo.app */;
			productType = "com.apple.product-type.application";
		};
/* End PBXNativeTarget section */

/* Begin PBXProject section */
		24D9CCD32B8C7DB80019A005 /* Project object */ = {
			isa = PBXProject;
			attributes = {
				BuildIndependentTargetsInParallel = 1;
				LastSwiftUpdateCheck = 1520;
				LastUpgradeCheck = 1520;
				TargetAttributes = {
					24D9CCDA2B8C7DB80019A005 = {
						CreatedOnToolsVersion = 15.2;
					};
				};
			};
			buildConfigurationList = 24D9CCD62B8C7DB80019A005 /* Build configuration list for PBXProject "TodoGo" */;
			compatibilityVersion = "Xcode 14.0";
			developmentRegion = en;
			hasScannedForEncodings = 0;
			knownRegions = (
				en,
				Base,
			);
			mainGroup = 24D9CCD22B8C7DB80019A005;
			packageReferences = (
				240B24422B8C7ECA0010B346 /* XCRemoteSwiftPackageReference "firebase-ios-sdk" */,
			);
			productRefGroup = 24D9CCDC2B8C7DB80019A005 /* Products */;
			projectDirPath = "";
			projectRoot = "";
			targets = (
				24D9CCDA2B8C7DB80019A005 /* TodoGo */,
			);
		};
/* End PBXProject section */

/* Begin PBXResourcesBuildPhase section */
		24D9CCD92B8C7DB80019A005 /* Resources */ = {
			isa = PBXResourcesBuildPhase;
			buildActionMask = 2147483647;
			files = (
				24D9CCE62B8C7DB80019A005 /* Preview Assets.xcassets in Resources */,
				24D9CCE32B8C7DB80019A005 /* Assets.xcassets in Resources */,
				2455680C2B8D6E2D0087B600 /* GoogleService-Info.plist in Resources */,
			);
			runOnlyForDeploymentPostprocessing = 0;
		};
/* End PBXResourcesBuildPhase section */

/* Begin PBXSourcesBuildPhase section */
		24D9CCD72B8C7DB80019A005 /* Sources */ = {
			isa = PBXSourcesBuildPhase;
			buildActionMask = 2147483647;
			files = (
				247351CB2B8D7018000ECEFB /* LoginView.swift in Sources */,
				247351E32B8DB7A2000ECEFB /* HeaderView.swift in Sources */,
				24D9CCE12B8C7DB80019A005 /* MainView.swift in Sources */,
				247351D52B8D7369000ECEFB /* MainViewViewModel.swift in Sources */,
				247351DF2B8D73B2000ECEFB /* LoginViewViewModel.swift in Sources */,
				247351C72B8D6FF4000ECEFB /* ToDoListItemsView.swift in Sources */,
				247351CD2B8D7020000ECEFB /* RegisterView.swift in Sources */,
				247351DD2B8D73A8000ECEFB /* RegisterViewViewModel.swift in Sources */,
				24D9CCDF2B8C7DB80019A005 /* TodoGoApp.swift in Sources */,
				24B6E2142B8F1B740074C470 /* TLButton.swift in Sources */,
				247351D72B8D7377000ECEFB /* ProfileViewViewModel.swift in Sources */,
				247351D12B8D733C000ECEFB /* User.swift in Sources */,
				247351E52B8DB7AD000ECEFB /* HeaderViewViewModel.swift in Sources */,
				247351CF2B8D706C000ECEFB /* ToDoListView.swift in Sources */,
				247351C52B8D6FC4000ECEFB /* ProfileView.swift in Sources */,
				247351D92B8D7383000ECEFB /* ToDoListViewViewModel.swift in Sources */,
				247351D32B8D7346000ECEFB /* ToDoListItem.swift in Sources */,
				247351C92B8D7007000ECEFB /* NewItemView.swift in Sources */,
				247351DB2B8D7399000ECEFB /* NewItemViewViewModel.swift in Sources */,
				247351E12B8D73C0000ECEFB /* ToDoListItemViewViewModel.swift in Sources */,
			);
			runOnlyForDeploymentPostprocessing = 0;
		};
/* End PBXSourcesBuildPhase section */

/* Begin XCBuildConfiguration section */
		24D9CCE72B8C7DB80019A005 /* Debug */ = {
			isa = XCBuildConfiguration;
			buildSettings = {
				ALWAYS_SEARCH_USER_PATHS = NO;
				ASSETCATALOG_COMPILER_GENERATE_SWIFT_ASSET_SYMBOL_EXTENSIONS = YES;
				CLANG_ANALYZER_NONNULL = YES;
				CLANG_ANALYZER_NUMBER_OBJECT_CONVERSION = YES_AGGRESSIVE;
				CLANG_CXX_LANGUAGE_STANDARD = "gnu++20";
				CLANG_ENABLE_MODULES = YES;
				CLANG_ENABLE_OBJC_ARC = YES;
				CLANG_ENABLE_OBJC_WEAK = YES;
				CLANG_WARN_BLOCK_CAPTURE_AUTORELEASING = YES;
				CLANG_WARN_BOOL_CONVERSION = YES;
				CLANG_WARN_COMMA = YES;
				CLANG_WARN_CONSTANT_CONVERSION = YES;
				CLANG_WARN_DEPRECATED_OBJC_IMPLEMENTATIONS = YES;
				CLANG_WARN_DIRECT_OBJC_ISA_USAGE = YES_ERROR;
				CLANG_WARN_DOCUMENTATION_COMMENTS = YES;
				CLANG_WARN_EMPTY_BODY = YES;
				CLANG_WARN_ENUM_CONVERSION = YES;
				CLANG_WARN_INFINITE_RECURSION = YES;
				CLANG_WARN_INT_CONVERSION = YES;
				CLANG_WARN_NON_LITERAL_NULL_CONVERSION = YES;
				CLANG_WARN_OBJC_IMPLICIT_RETAIN_SELF = YES;
				CLANG_WARN_OBJC_LITERAL_CONVERSION = YES;
				CLANG_WARN_OBJC_ROOT_CLASS = YES_ERROR;
				CLANG_WARN_QUOTED_INCLUDE_IN_FRAMEWORK_HEADER = YES;
				CLANG_WARN_RANGE_LOOP_ANALYSIS = YES;
				CLANG_WARN_STRICT_PROTOTYPES = YES;
				CLANG_WARN_SUSPICIOUS_MOVE = YES;
				CLANG_WARN_UNGUARDED_AVAILABILITY = YES_AGGRESSIVE;
				CLANG_WARN_UNREACHABLE_CODE = YES;
				CLANG_WARN__DUPLICATE_METHOD_MATCH = YES;
				COPY_PHASE_STRIP = NO;
				DEBUG_INFORMATION_FORMAT = dwarf;
				ENABLE_STRICT_OBJC_MSGSEND = YES;
				ENABLE_TESTABILITY = YES;
				ENABLE_USER_SCRIPT_SANDBOXING = YES;
				GCC_C_LANGUAGE_STANDARD = gnu17;
				GCC_DYNAMIC_NO_PIC = NO;
				GCC_NO_COMMON_BLOCKS = YES;
				GCC_OPTIMIZATION_LEVEL = 0;
				GCC_PREPROCESSOR_DEFINITIONS = (
					"DEBUG=1",
					"$(inherited)",
				);
				GCC_WARN_64_TO_32_BIT_CONVERSION = YES;
				GCC_WARN_ABOUT_RETURN_TYPE = YES_ERROR;
				GCC_WARN_UNDECLARED_SELECTOR = YES;
				GCC_WARN_UNINITIALIZED_AUTOS = YES_AGGRESSIVE;
				GCC_WARN_UNUSED_FUNCTION = YES;
				GCC_WARN_UNUSED_VARIABLE = YES;
				IPHONEOS_DEPLOYMENT_TARGET = 17.2;
				LOCALIZATION_PREFERS_STRING_CATALOGS = YES;
				MTL_ENABLE_DEBUG_INFO = INCLUDE_SOURCE;
				MTL_FAST_MATH = YES;
				ONLY_ACTIVE_ARCH = YES;
				SDKROOT = iphoneos;
				SWIFT_ACTIVE_COMPILATION_CONDITIONS = "DEBUG $(inherited)";
				SWIFT_OPTIMIZATION_LEVEL = "-Onone";
			};
			name = Debug;
		};
		24D9CCE82B8C7DB80019A005 /* Release */ = {
			isa = XCBuildConfiguration;
			buildSettings = {
				ALWAYS_SEARCH_USER_PATHS = NO;
				ASSETCATALOG_COMPILER_GENERATE_SWIFT_ASSET_SYMBOL_EXTENSIONS = YES;
				CLANG_ANALYZER_NONNULL = YES;
				CLANG_ANALYZER_NUMBER_OBJECT_CONVERSION = YES_AGGRESSIVE;
				CLANG_CXX_LANGUAGE_STANDARD = "gnu++20";
				CLANG_ENABLE_MODULES = YES;
				CLANG_ENABLE_OBJC_ARC = YES;
				CLANG_ENABLE_OBJC_WEAK = YES;
				CLANG_WARN_BLOCK_CAPTURE_AUTORELEASING = YES;
				CLANG_WARN_BOOL_CONVERSION = YES;
				CLANG_WARN_COMMA = YES;
				CLANG_WARN_CONSTANT_CONVERSION = YES;
				CLANG_WARN_DEPRECATED_OBJC_IMPLEMENTATIONS = YES;
				CLANG_WARN_DIRECT_OBJC_ISA_USAGE = YES_ERROR;
				CLANG_WARN_DOCUMENTATION_COMMENTS = YES;
				CLANG_WARN_EMPTY_BODY = YES;
				CLANG_WARN_ENUM_CONVERSION = YES;
				CLANG_WARN_INFINITE_RECURSION = YES;
				CLANG_WARN_INT_CONVERSION = YES;
				CLANG_WARN_NON_LITERAL_NULL_CONVERSION = YES;
				CLANG_WARN_OBJC_IMPLICIT_RETAIN_SELF = YES;
				CLANG_WARN_OBJC_LITERAL_CONVERSION = YES;
				CLANG_WARN_OBJC_ROOT_CLASS = YES_ERROR;
				CLANG_WARN_QUOTED_INCLUDE_IN_FRAMEWORK_HEADER = YES;
				CLANG_WARN_RANGE_LOOP_ANALYSIS = YES;
				CLANG_WARN_STRICT_PROTOTYPES = YES;
				CLANG_WARN_SUSPICIOUS_MOVE = YES;
				CLANG_WARN_UNGUARDED_AVAILABILITY = YES_AGGRESSIVE;
				CLANG_WARN_UNREACHABLE_CODE = YES;
				CLANG_WARN__DUPLICATE_METHOD_MATCH = YES;
				COPY_PHASE_STRIP = NO;
				DEBUG_INFORMATION_FORMAT = "dwarf-with-dsym";
				ENABLE_NS_ASSERTIONS = NO;
				ENABLE_STRICT_OBJC_MSGSEND = YES;
				ENABLE_USER_SCRIPT_SANDBOXING = YES;
				GCC_C_LANGUAGE_STANDARD = gnu17;
				GCC_NO_COMMON_BLOCKS = YES;
				GCC_WARN_64_TO_32_BIT_CONVERSION = YES;
				GCC_WARN_ABOUT_RETURN_TYPE = YES_ERROR;
				GCC_WARN_UNDECLARED_SELECTOR = YES;
				GCC_WARN_UNINITIALIZED_AUTOS = YES_AGGRESSIVE;
				GCC_WARN_UNUSED_FUNCTION = YES;
				GCC_WARN_UNUSED_VARIABLE = YES;
				IPHONEOS_DEPLOYMENT_TARGET = 17.2;
				LOCALIZATION_PREFERS_STRING_CATALOGS = YES;
				MTL_ENABLE_DEBUG_INFO = NO;
				MTL_FAST_MATH = YES;
				SDKROOT = iphoneos;
				SWIFT_COMPILATION_MODE = wholemodule;
				VALIDATE_PRODUCT = YES;
			};
			name = Release;
		};
		24D9CCEA2B8C7DB80019A005 /* Debug */ = {
			isa = XCBuildConfiguration;
			buildSettings = {
				ASSETCATALOG_COMPILER_APPICON_NAME = AppIcon;
				ASSETCATALOG_COMPILER_GLOBAL_ACCENT_COLOR_NAME = AccentColor;
				CODE_SIGN_STYLE = Automatic;
				CURRENT_PROJECT_VERSION = 1;
				DEVELOPMENT_ASSET_PATHS = "\"TodoGo/Preview Content\"";
				ENABLE_PREVIEWS = YES;
				GENERATE_INFOPLIST_FILE = YES;
				INFOPLIST_KEY_UIApplicationSceneManifest_Generation = YES;
				INFOPLIST_KEY_UIApplicationSupportsIndirectInputEvents = YES;
				INFOPLIST_KEY_UILaunchScreen_Generation = YES;
				INFOPLIST_KEY_UISupportedInterfaceOrientations_iPad = "UIInterfaceOrientationPortrait UIInterfaceOrientationPortraitUpsideDown UIInterfaceOrientationLandscapeLeft UIInterfaceOrientationLandscapeRight";
				INFOPLIST_KEY_UISupportedInterfaceOrientations_iPhone = "UIInterfaceOrientationPortrait UIInterfaceOrientationLandscapeLeft UIInterfaceOrientationLandscapeRight";
				LD_RUNPATH_SEARCH_PATHS = (
					"$(inherited)",
					"@executable_path/Frameworks",
				);
				MARKETING_VERSION = 1.0;
				PRODUCT_BUNDLE_IDENTIFIER = com.seongmin.TodoGo;
				PRODUCT_NAME = "$(TARGET_NAME)";
				SWIFT_EMIT_LOC_STRINGS = YES;
				SWIFT_VERSION = 5.0;
				TARGETED_DEVICE_FAMILY = "1,2";
			};
			name = Debug;
		};
		24D9CCEB2B8C7DB80019A005 /* Release */ = {
			isa = XCBuildConfiguration;
			buildSettings = {
				ASSETCATALOG_COMPILER_APPICON_NAME = AppIcon;
				ASSETCATALOG_COMPILER_GLOBAL_ACCENT_COLOR_NAME = AccentColor;
				CODE_SIGN_STYLE = Automatic;
				CURRENT_PROJECT_VERSION = 1;
				DEVELOPMENT_ASSET_PATHS = "\"TodoGo/Preview Content\"";
				ENABLE_PREVIEWS = YES;
				GENERATE_INFOPLIST_FILE = YES;
				INFOPLIST_KEY_UIApplicationSceneManifest_Generation = YES;
				INFOPLIST_KEY_UIApplicationSupportsIndirectInputEvents = YES;
				INFOPLIST_KEY_UILaunchScreen_Generation = YES;
				INFOPLIST_KEY_UISupportedInterfaceOrientations_iPad = "UIInterfaceOrientationPortrait UIInterfaceOrientationPortraitUpsideDown UIInterfaceOrientationLandscapeLeft UIInterfaceOrientationLandscapeRight";
				INFOPLIST_KEY_UISupportedInterfaceOrientations_iPhone = "UIInterfaceOrientationPortrait UIInterfaceOrientationLandscapeLeft UIInterfaceOrientationLandscapeRight";
				LD_RUNPATH_SEARCH_PATHS = (
					"$(inherited)",
					"@executable_path/Frameworks",
				);
				MARKETING_VERSION = 1.0;
				PRODUCT_BUNDLE_IDENTIFIER = com.seongmin.TodoGo;
				PRODUCT_NAME = "$(TARGET_NAME)";
				SWIFT_EMIT_LOC_STRINGS = YES;
				SWIFT_VERSION = 5.0;
				TARGETED_DEVICE_FAMILY = "1,2";
			};
			name = Release;
		};
/* End XCBuildConfiguration section */

/* Begin XCConfigurationList section */
		24D9CCD62B8C7DB80019A005 /* Build configuration list for PBXProject "TodoGo" */ = {
			isa = XCConfigurationList;
			buildConfigurations = (
				24D9CCE72B8C7DB80019A005 /* Debug */,
				24D9CCE82B8C7DB80019A005 /* Release */,
			);
			defaultConfigurationIsVisible = 0;
			defaultConfigurationName = Release;
		};
		24D9CCE92B8C7DB80019A005 /* Build configuration list for PBXNativeTarget "TodoGo" */ = {
			isa = XCConfigurationList;
			buildConfigurations = (
				24D9CCEA2B8C7DB80019A005 /* Debug */,
				24D9CCEB2B8C7DB80019A005 /* Release */,
			);
			defaultConfigurationIsVisible = 0;
			defaultConfigurationName = Release;
		};
/* End XCConfigurationList section */

/* Begin XCRemoteSwiftPackageReference section */
		240B24422B8C7ECA0010B346 /* XCRemoteSwiftPackageReference "firebase-ios-sdk" */ = {
			isa = XCRemoteSwiftPackageReference;
			repositoryURL = "https://github.com/firebase/firebase-ios-sdk";
			requirement = {
				kind = upToNextMajorVersion;
				minimumVersion = 10.21.0;
			};
		};
/* End XCRemoteSwiftPackageReference section */

/* Begin XCSwiftPackageProductDependency section */
		240B24432B8C7ECA0010B346 /* FirebaseAnalytics */ = {
			isa = XCSwiftPackageProductDependency;
			package = 240B24422B8C7ECA0010B346 /* XCRemoteSwiftPackageReference "firebase-ios-sdk" */;
			productName = FirebaseAnalytics;
		};
		240B24452B8C7ECA0010B346 /* FirebaseAnalyticsOnDeviceConversion */ = {
			isa = XCSwiftPackageProductDependency;
			package = 240B24422B8C7ECA0010B346 /* XCRemoteSwiftPackageReference "firebase-ios-sdk" */;
			productName = FirebaseAnalyticsOnDeviceConversion;
		};
		240B24472B8C7ECA0010B346 /* FirebaseAnalyticsSwift */ = {
			isa = XCSwiftPackageProductDependency;
			package = 240B24422B8C7ECA0010B346 /* XCRemoteSwiftPackageReference "firebase-ios-sdk" */;
			productName = FirebaseAnalyticsSwift;
		};
		240B24492B8C7ECA0010B346 /* FirebaseAnalyticsWithoutAdIdSupport */ = {
			isa = XCSwiftPackageProductDependency;
			package = 240B24422B8C7ECA0010B346 /* XCRemoteSwiftPackageReference "firebase-ios-sdk" */;
			productName = FirebaseAnalyticsWithoutAdIdSupport;
		};
		240B244B2B8C7ECA0010B346 /* FirebaseAppCheck */ = {
			isa = XCSwiftPackageProductDependency;
			package = 240B24422B8C7ECA0010B346 /* XCRemoteSwiftPackageReference "firebase-ios-sdk" */;
			productName = FirebaseAppCheck;
		};
/* End XCSwiftPackageProductDependency section */
	};
	rootObject = 24D9CCD32B8C7DB80019A005 /* Project object */;
}
